// !$*UTF8*$!
{
	archiveVersion = 1;
	classes = {
	};
	objectVersion = 56;
	objects = {

/* Begin PBXBuildFile section */
		C237BB492C64F53200EA72D5 /* FirebaseAnalytics in Frameworks */ = {isa = PBXBuildFile; productRef = C237BB482C64F53200EA72D5 /* FirebaseAnalytics */; };
		C237BB4B2C64F53200EA72D5 /* FirebaseAuth in Frameworks */ = {isa = PBXBuildFile; productRef = C237BB4A2C64F53200EA72D5 /* FirebaseAuth */; };
		C237BB4D2C64F53200EA72D5 /* FirebaseAuthCombine-Community in Frameworks */ = {isa = PBXBuildFile; productRef = C237BB4C2C64F53200EA72D5 /* FirebaseAuthCombine-Community */; };
		C237BB4F2C64F53200EA72D5 /* FirebaseDatabase in Frameworks */ = {isa = PBXBuildFile; productRef = C237BB4E2C64F53200EA72D5 /* FirebaseDatabase */; };
		C237BB512C64F53200EA72D5 /* FirebaseDatabaseSwift in Frameworks */ = {isa = PBXBuildFile; productRef = C237BB502C64F53200EA72D5 /* FirebaseDatabaseSwift */; };
		C237BB532C64F53200EA72D5 /* FirebaseFirestore in Frameworks */ = {isa = PBXBuildFile; productRef = C237BB522C64F53200EA72D5 /* FirebaseFirestore */; };
		C237BB552C64F53200EA72D5 /* FirebaseStorage in Frameworks */ = {isa = PBXBuildFile; productRef = C237BB542C64F53200EA72D5 /* FirebaseStorage */; };
		C237BB5B2C6526D400EA72D5 /* HomePageContoller.swift in Sources */ = {isa = PBXBuildFile; fileRef = C237BB5A2C6526D400EA72D5 /* HomePageContoller.swift */; };
		C29129AA2C60E94400A451D2 /* AddQuoteViewController.swift in Sources */ = {isa = PBXBuildFile; fileRef = C29129A92C60E94400A451D2 /* AddQuoteViewController.swift */; };
		C2C0D57B2C59194A00EABEE6 /* FavoritesQuotesController.swift in Sources */ = {isa = PBXBuildFile; fileRef = C2C0D57A2C59194A00EABEE6 /* FavoritesQuotesController.swift */; };
		C2C0D57D2C59256900EABEE6 /* RegisterController.swift in Sources */ = {isa = PBXBuildFile; fileRef = C2C0D57C2C59256900EABEE6 /* RegisterController.swift */; };
		C2C0D59B2C5A9CFD00EABEE6 /* DailyQuoteController.swift in Sources */ = {isa = PBXBuildFile; fileRef = C2C0D59A2C5A9CFD00EABEE6 /* DailyQuoteController.swift */; };
		C2C0D59D2C5AE66600EABEE6 /* Toast.swift in Sources */ = {isa = PBXBuildFile; fileRef = C2C0D59C2C5AE66600EABEE6 /* Toast.swift */; };
		C2FD58312C57D394001B560A /* AppDelegate.swift in Sources */ = {isa = PBXBuildFile; fileRef = C2FD58302C57D394001B560A /* AppDelegate.swift */; };
		C2FD58332C57D394001B560A /* SceneDelegate.swift in Sources */ = {isa = PBXBuildFile; fileRef = C2FD58322C57D394001B560A /* SceneDelegate.swift */; };
		C2FD58352C57D394001B560A /* ViewController.swift in Sources */ = {isa = PBXBuildFile; fileRef = C2FD58342C57D394001B560A /* ViewController.swift */; };
		C2FD58382C57D394001B560A /* Main.storyboard in Resources */ = {isa = PBXBuildFile; fileRef = C2FD58362C57D394001B560A /* Main.storyboard */; };
		C2FD583A2C57D395001B560A /* Assets.xcassets in Resources */ = {isa = PBXBuildFile; fileRef = C2FD58392C57D395001B560A /* Assets.xcassets */; };
		C2FD583D2C57D395001B560A /* LaunchScreen.storyboard in Resources */ = {isa = PBXBuildFile; fileRef = C2FD583B2C57D395001B560A /* LaunchScreen.storyboard */; };
		C2FD58482C57D395001B560A /* DailyQuotesAppTests.swift in Sources */ = {isa = PBXBuildFile; fileRef = C2FD58472C57D395001B560A /* DailyQuotesAppTests.swift */; };
		C2FD58522C57D395001B560A /* DailyQuotesAppUITests.swift in Sources */ = {isa = PBXBuildFile; fileRef = C2FD58512C57D395001B560A /* DailyQuotesAppUITests.swift */; };
		C2FD58542C57D395001B560A /* DailyQuotesAppUITestsLaunchTests.swift in Sources */ = {isa = PBXBuildFile; fileRef = C2FD58532C57D395001B560A /* DailyQuotesAppUITestsLaunchTests.swift */; };
		D27CC71C2C6A08A600C7BF9D /* GoogleService-Info.plist in Resources */ = {isa = PBXBuildFile; fileRef = D27CC71B2C6A08A600C7BF9D /* GoogleService-Info.plist */; };
/* End PBXBuildFile section */

/* Begin PBXContainerItemProxy section */
		C2FD58442C57D395001B560A /* PBXContainerItemProxy */ = {
			isa = PBXContainerItemProxy;
			containerPortal = C2FD58252C57D394001B560A /* Project object */;
			proxyType = 1;
			remoteGlobalIDString = C2FD582C2C57D394001B560A;
			remoteInfo = DailyQuotesApp;
		};
		C2FD584E2C57D395001B560A /* PBXContainerItemProxy */ = {
			isa = PBXContainerItemProxy;
			containerPortal = C2FD58252C57D394001B560A /* Project object */;
			proxyType = 1;
			remoteGlobalIDString = C2FD582C2C57D394001B560A;
			remoteInfo = DailyQuotesApp;
		};
/* End PBXContainerItemProxy section */

/* Begin PBXFileReference section */
		C237BB5A2C6526D400EA72D5 /* HomePageContoller.swift */ = {isa = PBXFileReference; lastKnownFileType = sourcecode.swift; path = HomePageContoller.swift; sourceTree = "<group>"; };
		C29129A92C60E94400A451D2 /* AddQuoteViewController.swift */ = {isa = PBXFileReference; lastKnownFileType = sourcecode.swift; path = AddQuoteViewController.swift; sourceTree = "<group>"; };
		C2C0D57A2C59194A00EABEE6 /* FavoritesQuotesController.swift */ = {isa = PBXFileReference; lastKnownFileType = sourcecode.swift; path = FavoritesQuotesController.swift; sourceTree = "<group>"; };
		C2C0D57C2C59256900EABEE6 /* RegisterController.swift */ = {isa = PBXFileReference; lastKnownFileType = sourcecode.swift; path = RegisterController.swift; sourceTree = "<group>"; };
		C2C0D59A2C5A9CFD00EABEE6 /* DailyQuoteController.swift */ = {isa = PBXFileReference; lastKnownFileType = sourcecode.swift; path = DailyQuoteController.swift; sourceTree = "<group>"; };
		C2C0D59C2C5AE66600EABEE6 /* Toast.swift */ = {isa = PBXFileReference; lastKnownFileType = sourcecode.swift; path = Toast.swift; sourceTree = "<group>"; };
		C2FD582D2C57D394001B560A /* DailyQuotesApp.app */ = {isa = PBXFileReference; explicitFileType = wrapper.application; includeInIndex = 0; path = DailyQuotesApp.app; sourceTree = BUILT_PRODUCTS_DIR; };
		C2FD58302C57D394001B560A /* AppDelegate.swift */ = {isa = PBXFileReference; lastKnownFileType = sourcecode.swift; path = AppDelegate.swift; sourceTree = "<group>"; };
		C2FD58322C57D394001B560A /* SceneDelegate.swift */ = {isa = PBXFileReference; lastKnownFileType = sourcecode.swift; path = SceneDelegate.swift; sourceTree = "<group>"; };
		C2FD58342C57D394001B560A /* ViewController.swift */ = {isa = PBXFileReference; lastKnownFileType = sourcecode.swift; path = ViewController.swift; sourceTree = "<group>"; };
		C2FD58372C57D394001B560A /* Base */ = {isa = PBXFileReference; lastKnownFileType = file.storyboard; name = Base; path = Base.lproj/Main.storyboard; sourceTree = "<group>"; };
		C2FD58392C57D395001B560A /* Assets.xcassets */ = {isa = PBXFileReference; lastKnownFileType = folder.assetcatalog; path = Assets.xcassets; sourceTree = "<group>"; };
		C2FD583C2C57D395001B560A /* Base */ = {isa = PBXFileReference; lastKnownFileType = file.storyboard; name = Base; path = Base.lproj/LaunchScreen.storyboard; sourceTree = "<group>"; };
		C2FD583E2C57D395001B560A /* Info.plist */ = {isa = PBXFileReference; lastKnownFileType = text.plist.xml; path = Info.plist; sourceTree = "<group>"; };
		C2FD58432C57D395001B560A /* DailyQuotesAppTests.xctest */ = {isa = PBXFileReference; explicitFileType = wrapper.cfbundle; includeInIndex = 0; path = DailyQuotesAppTests.xctest; sourceTree = BUILT_PRODUCTS_DIR; };
		C2FD58472C57D395001B560A /* DailyQuotesAppTests.swift */ = {isa = PBXFileReference; lastKnownFileType = sourcecode.swift; path = DailyQuotesAppTests.swift; sourceTree = "<group>"; };
		C2FD584D2C57D395001B560A /* DailyQuotesAppUITests.xctest */ = {isa = PBXFileReference; explicitFileType = wrapper.cfbundle; includeInIndex = 0; path = DailyQuotesAppUITests.xctest; sourceTree = BUILT_PRODUCTS_DIR; };
		C2FD58512C57D395001B560A /* DailyQuotesAppUITests.swift */ = {isa = PBXFileReference; lastKnownFileType = sourcecode.swift; path = DailyQuotesAppUITests.swift; sourceTree = "<group>"; };
		C2FD58532C57D395001B560A /* DailyQuotesAppUITestsLaunchTests.swift */ = {isa = PBXFileReference; lastKnownFileType = sourcecode.swift; path = DailyQuotesAppUITestsLaunchTests.swift; sourceTree = "<group>"; };
		D27CC71B2C6A08A600C7BF9D /* GoogleService-Info.plist */ = {isa = PBXFileReference; fileEncoding = 4; lastKnownFileType = text.plist.xml; path = "GoogleService-Info.plist"; sourceTree = "<group>"; };
/* End PBXFileReference section */

/* Begin PBXFrameworksBuildPhase section */
		C2FD582A2C57D394001B560A /* Frameworks */ = {
			isa = PBXFrameworksBuildPhase;
			buildActionMask = 2147483647;
			files = (
				C237BB512C64F53200EA72D5 /* FirebaseDatabaseSwift in Frameworks */,
				C237BB492C64F53200EA72D5 /* FirebaseAnalytics in Frameworks */,
				C237BB4D2C64F53200EA72D5 /* FirebaseAuthCombine-Community in Frameworks */,
				C237BB4F2C64F53200EA72D5 /* FirebaseDatabase in Frameworks */,
				C237BB552C64F53200EA72D5 /* FirebaseStorage in Frameworks */,
				C237BB4B2C64F53200EA72D5 /* FirebaseAuth in Frameworks */,
				C237BB532C64F53200EA72D5 /* FirebaseFirestore in Frameworks */,
			);
			runOnlyForDeploymentPostprocessing = 0;
		};
		C2FD58402C57D395001B560A /* Frameworks */ = {
			isa = PBXFrameworksBuildPhase;
			buildActionMask = 2147483647;
			files = (
			);
			runOnlyForDeploymentPostprocessing = 0;
		};
		C2FD584A2C57D395001B560A /* Frameworks */ = {
			isa = PBXFrameworksBuildPhase;
			buildActionMask = 2147483647;
			files = (
			);
			runOnlyForDeploymentPostprocessing = 0;
		};
/* End PBXFrameworksBuildPhase section */

/* Begin PBXGroup section */
		C2FD58242C57D394001B560A = {
			isa = PBXGroup;
			children = (
				C2FD582F2C57D394001B560A /* DailyQuotesApp */,
				C2FD58462C57D395001B560A /* DailyQuotesAppTests */,
				C2FD58502C57D395001B560A /* DailyQuotesAppUITests */,
				C2FD582E2C57D394001B560A /* Products */,
			);
			sourceTree = "<group>";
		};
		C2FD582E2C57D394001B560A /* Products */ = {
			isa = PBXGroup;
			children = (
				C2FD582D2C57D394001B560A /* DailyQuotesApp.app */,
				C2FD58432C57D395001B560A /* DailyQuotesAppTests.xctest */,
				C2FD584D2C57D395001B560A /* DailyQuotesAppUITests.xctest */,
			);
			name = Products;
			sourceTree = "<group>";
		};
		C2FD582F2C57D394001B560A /* DailyQuotesApp */ = {
			isa = PBXGroup;
			children = (
				D27CC71B2C6A08A600C7BF9D /* GoogleService-Info.plist */,
				C2FD58302C57D394001B560A /* AppDelegate.swift */,
				C2FD58322C57D394001B560A /* SceneDelegate.swift */,
				C2FD58342C57D394001B560A /* ViewController.swift */,
				C2FD58362C57D394001B560A /* Main.storyboard */,
				C2FD58392C57D395001B560A /* Assets.xcassets */,
				C2FD583B2C57D395001B560A /* LaunchScreen.storyboard */,
				C2FD583E2C57D395001B560A /* Info.plist */,
				C2C0D57A2C59194A00EABEE6 /* FavoritesQuotesController.swift */,
				C2C0D57C2C59256900EABEE6 /* RegisterController.swift */,
				C2C0D59A2C5A9CFD00EABEE6 /* DailyQuoteController.swift */,
				C2C0D59C2C5AE66600EABEE6 /* Toast.swift */,
				C29129A92C60E94400A451D2 /* AddQuoteViewController.swift */,
				C237BB5A2C6526D400EA72D5 /* HomePageContoller.swift */,
			);
			path = DailyQuotesApp;
			sourceTree = "<group>";
		};
		C2FD58462C57D395001B560A /* DailyQuotesAppTests */ = {
			isa = PBXGroup;
			children = (
				C2FD58472C57D395001B560A /* DailyQuotesAppTests.swift */,
			);
			path = DailyQuotesAppTests;
			sourceTree = "<group>";
		};
		C2FD58502C57D395001B560A /* DailyQuotesAppUITests */ = {
			isa = PBXGroup;
			children = (
				C2FD58512C57D395001B560A /* DailyQuotesAppUITests.swift */,
				C2FD58532C57D395001B560A /* DailyQuotesAppUITestsLaunchTests.swift */,
			);
			path = DailyQuotesAppUITests;
			sourceTree = "<group>";
		};
/* End PBXGroup section */

/* Begin PBXNativeTarget section */
		C2FD582C2C57D394001B560A /* DailyQuotesApp */ = {
			isa = PBXNativeTarget;
			buildConfigurationList = C2FD58572C57D395001B560A /* Build configuration list for PBXNativeTarget "DailyQuotesApp" */;
			buildPhases = (
				C2FD58292C57D394001B560A /* Sources */,
				C2FD582A2C57D394001B560A /* Frameworks */,
				C2FD582B2C57D394001B560A /* Resources */,
			);
			buildRules = (
			);
			dependencies = (
			);
			name = DailyQuotesApp;
			packageProductDependencies = (
				C237BB482C64F53200EA72D5 /* FirebaseAnalytics */,
				C237BB4A2C64F53200EA72D5 /* FirebaseAuth */,
				C237BB4C2C64F53200EA72D5 /* FirebaseAuthCombine-Community */,
				C237BB4E2C64F53200EA72D5 /* FirebaseDatabase */,
				C237BB502C64F53200EA72D5 /* FirebaseDatabaseSwift */,
				C237BB522C64F53200EA72D5 /* FirebaseFirestore */,
				C237BB542C64F53200EA72D5 /* FirebaseStorage */,
			);
			productName = DailyQuotesApp;
			productReference = C2FD582D2C57D394001B560A /* DailyQuotesApp.app */;
			productType = "com.apple.product-type.application";
		};
		C2FD58422C57D395001B560A /* DailyQuotesAppTests */ = {
			isa = PBXNativeTarget;
			buildConfigurationList = C2FD585A2C57D395001B560A /* Build configuration list for PBXNativeTarget "DailyQuotesAppTests" */;
			buildPhases = (
				C2FD583F2C57D395001B560A /* Sources */,
				C2FD58402C57D395001B560A /* Frameworks */,
				C2FD58412C57D395001B560A /* Resources */,
			);
			buildRules = (
			);
			dependencies = (
				C2FD58452C57D395001B560A /* PBXTargetDependency */,
			);
			name = DailyQuotesAppTests;
			productName = DailyQuotesAppTests;
			productReference = C2FD58432C57D395001B560A /* DailyQuotesAppTests.xctest */;
			productType = "com.apple.product-type.bundle.unit-test";
		};
		C2FD584C2C57D395001B560A /* DailyQuotesAppUITests */ = {
			isa = PBXNativeTarget;
			buildConfigurationList = C2FD585D2C57D395001B560A /* Build configuration list for PBXNativeTarget "DailyQuotesAppUITests" */;
			buildPhases = (
				C2FD58492C57D395001B560A /* Sources */,
				C2FD584A2C57D395001B560A /* Frameworks */,
				C2FD584B2C57D395001B560A /* Resources */,
			);
			buildRules = (
			);
			dependencies = (
				C2FD584F2C57D395001B560A /* PBXTargetDependency */,
			);
			name = DailyQuotesAppUITests;
			productName = DailyQuotesAppUITests;
			productReference = C2FD584D2C57D395001B560A /* DailyQuotesAppUITests.xctest */;
			productType = "com.apple.product-type.bundle.ui-testing";
		};
/* End PBXNativeTarget section */

/* Begin PBXProject section */
		C2FD58252C57D394001B560A /* Project object */ = {
			isa = PBXProject;
			attributes = {
				BuildIndependentTargetsInParallel = 1;
				LastSwiftUpdateCheck = 1430;
				LastUpgradeCheck = 1430;
				TargetAttributes = {
					C2FD582C2C57D394001B560A = {
						CreatedOnToolsVersion = 14.3;
					};
					C2FD58422C57D395001B560A = {
						CreatedOnToolsVersion = 14.3;
						TestTargetID = C2FD582C2C57D394001B560A;
					};
					C2FD584C2C57D395001B560A = {
						CreatedOnToolsVersion = 14.3;
						TestTargetID = C2FD582C2C57D394001B560A;
					};
				};
			};
			buildConfigurationList = C2FD58282C57D394001B560A /* Build configuration list for PBXProject "DailyQuotesApp" */;
			compatibilityVersion = "Xcode 14.0";
			developmentRegion = en;
			hasScannedForEncodings = 0;
			knownRegions = (
				en,
				Base,
			);
			mainGroup = C2FD58242C57D394001B560A;
			packageReferences = (
				C237BB472C64F53200EA72D5 /* XCRemoteSwiftPackageReference "firebase-ios-sdk" */,
			);
			productRefGroup = C2FD582E2C57D394001B560A /* Products */;
			projectDirPath = "";
			projectRoot = "";
			targets = (
				C2FD582C2C57D394001B560A /* DailyQuotesApp */,
				C2FD58422C57D395001B560A /* DailyQuotesAppTests */,
				C2FD584C2C57D395001B560A /* DailyQuotesAppUITests */,
			);
		};
/* End PBXProject section */

/* Begin PBXResourcesBuildPhase section */
		C2FD582B2C57D394001B560A /* Resources */ = {
			isa = PBXResourcesBuildPhase;
			buildActionMask = 2147483647;
			files = (
				C2FD583D2C57D395001B560A /* LaunchScreen.storyboard in Resources */,
				D27CC71C2C6A08A600C7BF9D /* GoogleService-Info.plist in Resources */,
				C2FD583A2C57D395001B560A /* Assets.xcassets in Resources */,
				C2FD58382C57D394001B560A /* Main.storyboard in Resources */,
			);
			runOnlyForDeploymentPostprocessing = 0;
		};
		C2FD58412C57D395001B560A /* Resources */ = {
			isa = PBXResourcesBuildPhase;
			buildActionMask = 2147483647;
			files = (
			);
			runOnlyForDeploymentPostprocessing = 0;
		};
		C2FD584B2C57D395001B560A /* Resources */ = {
			isa = PBXResourcesBuildPhase;
			buildActionMask = 2147483647;
			files = (
			);
			runOnlyForDeploymentPostprocessing = 0;
		};
/* End PBXResourcesBuildPhase section */

/* Begin PBXSourcesBuildPhase section */
		C2FD58292C57D394001B560A /* Sources */ = {
			isa = PBXSourcesBuildPhase;
			buildActionMask = 2147483647;
			files = (
				C2C0D57D2C59256900EABEE6 /* RegisterController.swift in Sources */,
				C2FD58352C57D394001B560A /* ViewController.swift in Sources */,
				C2C0D59B2C5A9CFD00EABEE6 /* DailyQuoteController.swift in Sources */,
				C237BB5B2C6526D400EA72D5 /* HomePageContoller.swift in Sources */,
				C2FD58312C57D394001B560A /* AppDelegate.swift in Sources */,
				C2C0D57B2C59194A00EABEE6 /* FavoritesQuotesController.swift in Sources */,
				C29129AA2C60E94400A451D2 /* AddQuoteViewController.swift in Sources */,
				C2FD58332C57D394001B560A /* SceneDelegate.swift in Sources */,
				C2C0D59D2C5AE66600EABEE6 /* Toast.swift in Sources */,
			);
			runOnlyForDeploymentPostprocessing = 0;
		};
		C2FD583F2C57D395001B560A /* Sources */ = {
			isa = PBXSourcesBuildPhase;
			buildActionMask = 2147483647;
			files = (
				C2FD58482C57D395001B560A /* DailyQuotesAppTests.swift in Sources */,
			);
			runOnlyForDeploymentPostprocessing = 0;
		};
		C2FD58492C57D395001B560A /* Sources */ = {
			isa = PBXSourcesBuildPhase;
			buildActionMask = 2147483647;
			files = (
				C2FD58522C57D395001B560A /* DailyQuotesAppUITests.swift in Sources */,
				C2FD58542C57D395001B560A /* DailyQuotesAppUITestsLaunchTests.swift in Sources */,
			);
			runOnlyForDeploymentPostprocessing = 0;
		};
/* End PBXSourcesBuildPhase section */

/* Begin PBXTargetDependency section */
		C2FD58452C57D395001B560A /* PBXTargetDependency */ = {
			isa = PBXTargetDependency;
			target = C2FD582C2C57D394001B560A /* DailyQuotesApp */;
			targetProxy = C2FD58442C57D395001B560A /* PBXContainerItemProxy */;
		};
		C2FD584F2C57D395001B560A /* PBXTargetDependency */ = {
			isa = PBXTargetDependency;
			target = C2FD582C2C57D394001B560A /* DailyQuotesApp */;
			targetProxy = C2FD584E2C57D395001B560A /* PBXContainerItemProxy */;
		};
/* End PBXTargetDependency section */

/* Begin PBXVariantGroup section */
		C2FD58362C57D394001B560A /* Main.storyboard */ = {
			isa = PBXVariantGroup;
			children = (
				C2FD58372C57D394001B560A /* Base */,
			);
			name = Main.storyboard;
			sourceTree = "<group>";
		};
		C2FD583B2C57D395001B560A /* LaunchScreen.storyboard */ = {
			isa = PBXVariantGroup;
			children = (
				C2FD583C2C57D395001B560A /* Base */,
			);
			name = LaunchScreen.storyboard;
			sourceTree = "<group>";
		};
/* End PBXVariantGroup section */

/* Begin XCBuildConfiguration section */
		C2FD58552C57D395001B560A /* Debug */ = {
			isa = XCBuildConfiguration;
			buildSettings = {
				ALWAYS_SEARCH_USER_PATHS = NO;
				CLANG_ANALYZER_NONNULL = YES;
				CLANG_ANALYZER_NUMBER_OBJECT_CONVERSION = YES_AGGRESSIVE;
				CLANG_CXX_LANGUAGE_STANDARD = "gnu++20";
				CLANG_ENABLE_MODULES = YES;
				CLANG_ENABLE_OBJC_ARC = YES;
				CLANG_ENABLE_OBJC_WEAK = YES;
				CLANG_WARN_BLOCK_CAPTURE_AUTORELEASING = YES;
				CLANG_WARN_BOOL_CONVERSION = YES;
				CLANG_WARN_COMMA = YES;
				CLANG_WARN_CONSTANT_CONVERSION = YES;
				CLANG_WARN_DEPRECATED_OBJC_IMPLEMENTATIONS = YES;
				CLANG_WARN_DIRECT_OBJC_ISA_USAGE = YES_ERROR;
				CLANG_WARN_DOCUMENTATION_COMMENTS = YES;
				CLANG_WARN_EMPTY_BODY = YES;
				CLANG_WARN_ENUM_CONVERSION = YES;
				CLANG_WARN_INFINITE_RECURSION = YES;
				CLANG_WARN_INT_CONVERSION = YES;
				CLANG_WARN_NON_LITERAL_NULL_CONVERSION = YES;
				CLANG_WARN_OBJC_IMPLICIT_RETAIN_SELF = YES;
				CLANG_WARN_OBJC_LITERAL_CONVERSION = YES;
				CLANG_WARN_OBJC_ROOT_CLASS = YES_ERROR;
				CLANG_WARN_QUOTED_INCLUDE_IN_FRAMEWORK_HEADER = YES;
				CLANG_WARN_RANGE_LOOP_ANALYSIS = YES;
				CLANG_WARN_STRICT_PROTOTYPES = YES;
				CLANG_WARN_SUSPICIOUS_MOVE = YES;
				CLANG_WARN_UNGUARDED_AVAILABILITY = YES_AGGRESSIVE;
				CLANG_WARN_UNREACHABLE_CODE = YES;
				CLANG_WARN__DUPLICATE_METHOD_MATCH = YES;
				COPY_PHASE_STRIP = NO;
				DEBUG_INFORMATION_FORMAT = dwarf;
				ENABLE_STRICT_OBJC_MSGSEND = YES;
				ENABLE_TESTABILITY = YES;
				GCC_C_LANGUAGE_STANDARD = gnu11;
				GCC_DYNAMIC_NO_PIC = NO;
				GCC_NO_COMMON_BLOCKS = YES;
				GCC_OPTIMIZATION_LEVEL = 0;
				GCC_PREPROCESSOR_DEFINITIONS = (
					"DEBUG=1",
					"$(inherited)",
				);
				GCC_WARN_64_TO_32_BIT_CONVERSION = YES;
				GCC_WARN_ABOUT_RETURN_TYPE = YES_ERROR;
				GCC_WARN_UNDECLARED_SELECTOR = YES;
				GCC_WARN_UNINITIALIZED_AUTOS = YES_AGGRESSIVE;
				GCC_WARN_UNUSED_FUNCTION = YES;
				GCC_WARN_UNUSED_VARIABLE = YES;
				IPHONEOS_DEPLOYMENT_TARGET = 16.4;
				MTL_ENABLE_DEBUG_INFO = INCLUDE_SOURCE;
				MTL_FAST_MATH = YES;
				ONLY_ACTIVE_ARCH = YES;
				SDKROOT = iphoneos;
				SWIFT_ACTIVE_COMPILATION_CONDITIONS = DEBUG;
				SWIFT_OPTIMIZATION_LEVEL = "-Onone";
			};
			name = Debug;
		};
		C2FD58562C57D395001B560A /* Release */ = {
			isa = XCBuildConfiguration;
			buildSettings = {
				ALWAYS_SEARCH_USER_PATHS = NO;
				CLANG_ANALYZER_NONNULL = YES;
				CLANG_ANALYZER_NUMBER_OBJECT_CONVERSION = YES_AGGRESSIVE;
				CLANG_CXX_LANGUAGE_STANDARD = "gnu++20";
				CLANG_ENABLE_MODULES = YES;
				CLANG_ENABLE_OBJC_ARC = YES;
				CLANG_ENABLE_OBJC_WEAK = YES;
				CLANG_WARN_BLOCK_CAPTURE_AUTORELEASING = YES;
				CLANG_WARN_BOOL_CONVERSION = YES;
				CLANG_WARN_COMMA = YES;
				CLANG_WARN_CONSTANT_CONVERSION = YES;
				CLANG_WARN_DEPRECATED_OBJC_IMPLEMENTATIONS = YES;
				CLANG_WARN_DIRECT_OBJC_ISA_USAGE = YES_ERROR;
				CLANG_WARN_DOCUMENTATION_COMMENTS = YES;
				CLANG_WARN_EMPTY_BODY = YES;
				CLANG_WARN_ENUM_CONVERSION = YES;
				CLANG_WARN_INFINITE_RECURSION = YES;
				CLANG_WARN_INT_CONVERSION = YES;
				CLANG_WARN_NON_LITERAL_NULL_CONVERSION = YES;
				CLANG_WARN_OBJC_IMPLICIT_RETAIN_SELF = YES;
				CLANG_WARN_OBJC_LITERAL_CONVERSION = YES;
				CLANG_WARN_OBJC_ROOT_CLASS = YES_ERROR;
				CLANG_WARN_QUOTED_INCLUDE_IN_FRAMEWORK_HEADER = YES;
				CLANG_WARN_RANGE_LOOP_ANALYSIS = YES;
				CLANG_WARN_STRICT_PROTOTYPES = YES;
				CLANG_WARN_SUSPICIOUS_MOVE = YES;
				CLANG_WARN_UNGUARDED_AVAILABILITY = YES_AGGRESSIVE;
				CLANG_WARN_UNREACHABLE_CODE = YES;
				CLANG_WARN__DUPLICATE_METHOD_MATCH = YES;
				COPY_PHASE_STRIP = NO;
				DEBUG_INFORMATION_FORMAT = "dwarf-with-dsym";
				ENABLE_NS_ASSERTIONS = NO;
				ENABLE_STRICT_OBJC_MSGSEND = YES;
				GCC_C_LANGUAGE_STANDARD = gnu11;
				GCC_NO_COMMON_BLOCKS = YES;
				GCC_WARN_64_TO_32_BIT_CONVERSION = YES;
				GCC_WARN_ABOUT_RETURN_TYPE = YES_ERROR;
				GCC_WARN_UNDECLARED_SELECTOR = YES;
				GCC_WARN_UNINITIALIZED_AUTOS = YES_AGGRESSIVE;
				GCC_WARN_UNUSED_FUNCTION = YES;
				GCC_WARN_UNUSED_VARIABLE = YES;
				IPHONEOS_DEPLOYMENT_TARGET = 16.4;
				MTL_ENABLE_DEBUG_INFO = NO;
				MTL_FAST_MATH = YES;
				SDKROOT = iphoneos;
				SWIFT_COMPILATION_MODE = wholemodule;
				SWIFT_OPTIMIZATION_LEVEL = "-O";
				VALIDATE_PRODUCT = YES;
			};
			name = Release;
		};
		C2FD58582C57D395001B560A /* Debug */ = {
			isa = XCBuildConfiguration;
			buildSettings = {
				ASSETCATALOG_COMPILER_APPICON_NAME = "AppIcon 1";
				ASSETCATALOG_COMPILER_GLOBAL_ACCENT_COLOR_NAME = AccentColor;
				ASSETCATALOG_COMPILER_INCLUDE_ALL_APPICON_ASSETS = NO;
				CODE_SIGN_STYLE = Automatic;
				CURRENT_PROJECT_VERSION = 1;
				GENERATE_INFOPLIST_FILE = YES;
				INFOPLIST_FILE = DailyQuotesApp/Info.plist;
				INFOPLIST_KEY_UIApplicationSupportsIndirectInputEvents = YES;
				INFOPLIST_KEY_UILaunchStoryboardName = LaunchScreen;
				INFOPLIST_KEY_UIMainStoryboardFile = Main;
				INFOPLIST_KEY_UISupportedInterfaceOrientations_iPad = "UIInterfaceOrientationPortrait UIInterfaceOrientationPortraitUpsideDown UIInterfaceOrientationLandscapeLeft UIInterfaceOrientationLandscapeRight";
				INFOPLIST_KEY_UISupportedInterfaceOrientations_iPhone = "UIInterfaceOrientationPortrait UIInterfaceOrientationLandscapeLeft UIInterfaceOrientationLandscapeRight";
				LD_RUNPATH_SEARCH_PATHS = (
					"$(inherited)",
					"@executable_path/Frameworks",
				);
				MARKETING_VERSION = 1.0;
				PRODUCT_BUNDLE_IDENTIFIER = Ortal.DailyQuotesApp;
				PRODUCT_NAME = "$(TARGET_NAME)";
				SWIFT_EMIT_LOC_STRINGS = YES;
				SWIFT_VERSION = 5.0;
				TARGETED_DEVICE_FAMILY = "1,2";
			};
			name = Debug;
		};
		C2FD58592C57D395001B560A /* Release */ = {
			isa = XCBuildConfiguration;
			buildSettings = {
				ASSETCATALOG_COMPILER_APPICON_NAME = "AppIcon 1";
				ASSETCATALOG_COMPILER_GLOBAL_ACCENT_COLOR_NAME = AccentColor;
				ASSETCATALOG_COMPILER_INCLUDE_ALL_APPICON_ASSETS = NO;
				CODE_SIGN_STYLE = Automatic;
				CURRENT_PROJECT_VERSION = 1;
				GENERATE_INFOPLIST_FILE = YES;
				INFOPLIST_FILE = DailyQuotesApp/Info.plist;
				INFOPLIST_KEY_UIApplicationSupportsIndirectInputEvents = YES;
				INFOPLIST_KEY_UILaunchStoryboardName = LaunchScreen;
				INFOPLIST_KEY_UIMainStoryboardFile = Main;
				INFOPLIST_KEY_UISupportedInterfaceOrientations_iPad = "UIInterfaceOrientationPortrait UIInterfaceOrientationPortraitUpsideDown UIInterfaceOrientationLandscapeLeft UIInterfaceOrientationLandscapeRight";
				INFOPLIST_KEY_UISupportedInterfaceOrientations_iPhone = "UIInterfaceOrientationPortrait UIInterfaceOrientationLandscapeLeft UIInterfaceOrientationLandscapeRight";
				LD_RUNPATH_SEARCH_PATHS = (
					"$(inherited)",
					"@executable_path/Frameworks",
				);
				MARKETING_VERSION = 1.0;
				PRODUCT_BUNDLE_IDENTIFIER = Ortal.DailyQuotesApp;
				PRODUCT_NAME = "$(TARGET_NAME)";
				SWIFT_EMIT_LOC_STRINGS = YES;
				SWIFT_VERSION = 5.0;
				TARGETED_DEVICE_FAMILY = "1,2";
			};
			name = Release;
		};
		C2FD585B2C57D395001B560A /* Debug */ = {
			isa = XCBuildConfiguration;
			buildSettings = {
				ALWAYS_EMBED_SWIFT_STANDARD_LIBRARIES = YES;
				BUNDLE_LOADER = "$(TEST_HOST)";
				CODE_SIGN_STYLE = Automatic;
				CURRENT_PROJECT_VERSION = 1;
				GENERATE_INFOPLIST_FILE = YES;
				IPHONEOS_DEPLOYMENT_TARGET = 16.4;
				MARKETING_VERSION = 1.0;
				PRODUCT_BUNDLE_IDENTIFIER = Ortal.DailyQuotesAppTests;
				PRODUCT_NAME = "$(TARGET_NAME)";
				SWIFT_EMIT_LOC_STRINGS = NO;
				SWIFT_VERSION = 5.0;
				TARGETED_DEVICE_FAMILY = "1,2";
				TEST_HOST = "$(BUILT_PRODUCTS_DIR)/DailyQuotesApp.app/$(BUNDLE_EXECUTABLE_FOLDER_PATH)/DailyQuotesApp";
			};
			name = Debug;
		};
		C2FD585C2C57D395001B560A /* Release */ = {
			isa = XCBuildConfiguration;
			buildSettings = {
				ALWAYS_EMBED_SWIFT_STANDARD_LIBRARIES = YES;
				BUNDLE_LOADER = "$(TEST_HOST)";
				CODE_SIGN_STYLE = Automatic;
				CURRENT_PROJECT_VERSION = 1;
				GENERATE_INFOPLIST_FILE = YES;
				IPHONEOS_DEPLOYMENT_TARGET = 16.4;
				MARKETING_VERSION = 1.0;
				PRODUCT_BUNDLE_IDENTIFIER = Ortal.DailyQuotesAppTests;
				PRODUCT_NAME = "$(TARGET_NAME)";
				SWIFT_EMIT_LOC_STRINGS = NO;
				SWIFT_VERSION = 5.0;
				TARGETED_DEVICE_FAMILY = "1,2";
				TEST_HOST = "$(BUILT_PRODUCTS_DIR)/DailyQuotesApp.app/$(BUNDLE_EXECUTABLE_FOLDER_PATH)/DailyQuotesApp";
			};
			name = Release;
		};
		C2FD585E2C57D395001B560A /* Debug */ = {
			isa = XCBuildConfiguration;
			buildSettings = {
				ALWAYS_EMBED_SWIFT_STANDARD_LIBRARIES = YES;
				CODE_SIGN_STYLE = Automatic;
				CURRENT_PROJECT_VERSION = 1;
				GENERATE_INFOPLIST_FILE = YES;
				MARKETING_VERSION = 1.0;
				PRODUCT_BUNDLE_IDENTIFIER = Ortal.DailyQuotesAppUITests;
				PRODUCT_NAME = "$(TARGET_NAME)";
				SWIFT_EMIT_LOC_STRINGS = NO;
				SWIFT_VERSION = 5.0;
				TARGETED_DEVICE_FAMILY = "1,2";
				TEST_TARGET_NAME = DailyQuotesApp;
			};
			name = Debug;
		};
		C2FD585F2C57D395001B560A /* Release */ = {
			isa = XCBuildConfiguration;
			buildSettings = {
				ALWAYS_EMBED_SWIFT_STANDARD_LIBRARIES = YES;
				CODE_SIGN_STYLE = Automatic;
				CURRENT_PROJECT_VERSION = 1;
				GENERATE_INFOPLIST_FILE = YES;
				MARKETING_VERSION = 1.0;
				PRODUCT_BUNDLE_IDENTIFIER = Ortal.DailyQuotesAppUITests;
				PRODUCT_NAME = "$(TARGET_NAME)";
				SWIFT_EMIT_LOC_STRINGS = NO;
				SWIFT_VERSION = 5.0;
				TARGETED_DEVICE_FAMILY = "1,2";
				TEST_TARGET_NAME = DailyQuotesApp;
			};
			name = Release;
		};
/* End XCBuildConfiguration section */

/* Begin XCConfigurationList section */
		C2FD58282C57D394001B560A /* Build configuration list for PBXProject "DailyQuotesApp" */ = {
			isa = XCConfigurationList;
			buildConfigurations = (
				C2FD58552C57D395001B560A /* Debug */,
				C2FD58562C57D395001B560A /* Release */,
			);
			defaultConfigurationIsVisible = 0;
			defaultConfigurationName = Release;
		};
		C2FD58572C57D395001B560A /* Build configuration list for PBXNativeTarget "DailyQuotesApp" */ = {
			isa = XCConfigurationList;
			buildConfigurations = (
				C2FD58582C57D395001B560A /* Debug */,
				C2FD58592C57D395001B560A /* Release */,
			);
			defaultConfigurationIsVisible = 0;
			defaultConfigurationName = Release;
		};
		C2FD585A2C57D395001B560A /* Build configuration list for PBXNativeTarget "DailyQuotesAppTests" */ = {
			isa = XCConfigurationList;
			buildConfigurations = (
				C2FD585B2C57D395001B560A /* Debug */,
				C2FD585C2C57D395001B560A /* Release */,
			);
			defaultConfigurationIsVisible = 0;
			defaultConfigurationName = Release;
		};
		C2FD585D2C57D395001B560A /* Build configuration list for PBXNativeTarget "DailyQuotesAppUITests" */ = {
			isa = XCConfigurationList;
			buildConfigurations = (
				C2FD585E2C57D395001B560A /* Debug */,
				C2FD585F2C57D395001B560A /* Release */,
			);
			defaultConfigurationIsVisible = 0;
			defaultConfigurationName = Release;
		};
/* End XCConfigurationList section */

/* Begin XCRemoteSwiftPackageReference section */
		C237BB472C64F53200EA72D5 /* XCRemoteSwiftPackageReference "firebase-ios-sdk" */ = {
			isa = XCRemoteSwiftPackageReference;
			repositoryURL = "https://github.com/firebase/firebase-ios-sdk";
			requirement = {
				kind = exactVersion;
				version = 10.11.0;
			};
		};
/* End XCRemoteSwiftPackageReference section */

/* Begin XCSwiftPackageProductDependency section */
		C237BB482C64F53200EA72D5 /* FirebaseAnalytics */ = {
			isa = XCSwiftPackageProductDependency;
			package = C237BB472C64F53200EA72D5 /* XCRemoteSwiftPackageReference "firebase-ios-sdk" */;
			productName = FirebaseAnalytics;
		};
		C237BB4A2C64F53200EA72D5 /* FirebaseAuth */ = {
			isa = XCSwiftPackageProductDependency;
			package = C237BB472C64F53200EA72D5 /* XCRemoteSwiftPackageReference "firebase-ios-sdk" */;
			productName = FirebaseAuth;
		};
		C237BB4C2C64F53200EA72D5 /* FirebaseAuthCombine-Community */ = {
			isa = XCSwiftPackageProductDependency;
			package = C237BB472C64F53200EA72D5 /* XCRemoteSwiftPackageReference "firebase-ios-sdk" */;
			productName = "FirebaseAuthCombine-Community";
		};
		C237BB4E2C64F53200EA72D5 /* FirebaseDatabase */ = {
			isa = XCSwiftPackageProductDependency;
			package = C237BB472C64F53200EA72D5 /* XCRemoteSwiftPackageReference "firebase-ios-sdk" */;
			productName = FirebaseDatabase;
		};
		C237BB502C64F53200EA72D5 /* FirebaseDatabaseSwift */ = {
			isa = XCSwiftPackageProductDependency;
			package = C237BB472C64F53200EA72D5 /* XCRemoteSwiftPackageReference "firebase-ios-sdk" */;
			productName = FirebaseDatabaseSwift;
		};
		C237BB522C64F53200EA72D5 /* FirebaseFirestore */ = {
			isa = XCSwiftPackageProductDependency;
			package = C237BB472C64F53200EA72D5 /* XCRemoteSwiftPackageReference "firebase-ios-sdk" */;
			productName = FirebaseFirestore;
		};
		C237BB542C64F53200EA72D5 /* FirebaseStorage */ = {
			isa = XCSwiftPackageProductDependency;
			package = C237BB472C64F53200EA72D5 /* XCRemoteSwiftPackageReference "firebase-ios-sdk" */;
			productName = FirebaseStorage;
		};
/* End XCSwiftPackageProductDependency section */
	};
	rootObject = C2FD58252C57D394001B560A /* Project object */;
}
